
Microsoft Visual Studio Solution File, Format Version 12.00
# Visual Studio 15
VisualStudioVersion = 15.0.28307.1169
MinimumVisualStudioVersion = 10.0.40219.1
Project("{FAE04EC0-301F-11D3-BF4B-00C04F79EFBC}") = "Main", "Main\Main.csproj", "{58002C32-12B8-4CE6-BE52-AAFA20C1D377}"
EndProject
Project("{FAE04EC0-301F-11D3-BF4B-00C04F79EFBC}") = "Admin", "Admin\Admin.csproj", "{4FDA6A1B-933F-47A9-889A-5245494EBC5E}"
EndProject
Project("{FAE04EC0-301F-11D3-BF4B-00C04F79EFBC}") = "Reports", "Reports\Reports.csproj", "{F4F4B070-5B3B-4877-B4A8-452AB4EA35E7}"
EndProject
Project("{FAE04EC0-301F-11D3-BF4B-00C04F79EFBC}") = "AccessData", "AccessData\AccessData.csproj", "{63CA0867-9625-4229-9FAD-C376D8C8BB75}"
EndProject
Project("{FAE04EC0-301F-11D3-BF4B-00C04F79EFBC}") = "AutoUpdate", "AutoUpdate\AutoUpdate.csproj", "{FADE8866-811C-4C58-AEA2-0C6B1DBD8A91}"
EndProject
Project("{FAE04EC0-301F-11D3-BF4B-00C04F79EFBC}") = "KeHoachKinhDoanh", "KeHoachKinhDoanh\KeHoachKinhDoanh.csproj", "{9E3C638F-F325-466C-BEFC-9B305BBF6498}"
EndProject
Project("{FAE04EC0-301F-11D3-BF4B-00C04F79EFBC}") = "QuanLyNopHoSo", "QuanLyNopHoSo\QuanLyNopHoSo.csproj", "{3029925A-0DE6-42D8-878B-DE69269B355C}"
EndProject
Project("{FAE04EC0-301F-11D3-BF4B-00C04F79EFBC}") = "QuanLyNhapXuatTBCNTT", "QuanLyNhapXuatTBCNTT\QuanLyNhapXuatTBCNTT.csproj", "{7EFB26D4-2AD0-4086-A6DE-38D31F85FDF0}"
EndProject
Global
	GlobalSection(SolutionConfigurationPlatforms) = preSolution
		CD_ROM|Any CPU = CD_ROM|Any CPU
		Debug|Any CPU = Debug|Any CPU
		DVD-5|Any CPU = DVD-5|Any CPU
		Release|Any CPU = Release|Any CPU
		SingleImage|Any CPU = SingleImage|Any CPU
	EndGlobalSection
	GlobalSection(ProjectConfigurationPlatforms) = postSolution
		{58002C32-12B8-4CE6-BE52-AAFA20C1D377}.CD_ROM|Any CPU.ActiveCfg = Release|Any CPU
		{58002C32-12B8-4CE6-BE52-AAFA20C1D377}.CD_ROM|Any CPU.Build.0 = Release|Any CPU
		{58002C32-12B8-4CE6-BE52-AAFA20C1D377}.Debug|Any CPU.ActiveCfg = Debug|Any CPU
		{58002C32-12B8-4CE6-BE52-AAFA20C1D377}.Debug|Any CPU.Build.0 = Debug|Any CPU
		{58002C32-12B8-4CE6-BE52-AAFA20C1D377}.DVD-5|Any CPU.ActiveCfg = Debug|Any CPU
		{58002C32-12B8-4CE6-BE52-AAFA20C1D377}.DVD-5|Any CPU.Build.0 = Debug|Any CPU
		{58002C32-12B8-4CE6-BE52-AAFA20C1D377}.Release|Any CPU.ActiveCfg = Release|Any CPU
		{58002C32-12B8-4CE6-BE52-AAFA20C1D377}.Release|Any CPU.Build.0 = Release|Any CPU
		{58002C32-12B8-4CE6-BE52-AAFA20C1D377}.SingleImage|Any CPU.ActiveCfg = Release|Any CPU
		{58002C32-12B8-4CE6-BE52-AAFA20C1D377}.SingleImage|Any CPU.Build.0 = Release|Any CPU
		{4FDA6A1B-933F-47A9-889A-5245494EBC5E}.CD_ROM|Any CPU.ActiveCfg = Release|Any CPU
		{4FDA6A1B-933F-47A9-889A-5245494EBC5E}.CD_ROM|Any CPU.Build.0 = Release|Any CPU
		{4FDA6A1B-933F-47A9-889A-5245494EBC5E}.Debug|Any CPU.ActiveCfg = Debug|Any CPU
		{4FDA6A1B-933F-47A9-889A-5245494EBC5E}.Debug|Any CPU.Build.0 = Debug|Any CPU
		{4FDA6A1B-933F-47A9-889A-5245494EBC5E}.DVD-5|Any CPU.ActiveCfg = Debug|Any CPU
		{4FDA6A1B-933F-47A9-889A-5245494EBC5E}.DVD-5|Any CPU.Build.0 = Debug|Any CPU
		{4FDA6A1B-933F-47A9-889A-5245494EBC5E}.Release|Any CPU.ActiveCfg = Release|Any CPU
		{4FDA6A1B-933F-47A9-889A-5245494EBC5E}.Release|Any CPU.Build.0 = Release|Any CPU
		{4FDA6A1B-933F-47A9-889A-5245494EBC5E}.SingleImage|Any CPU.ActiveCfg = Release|Any CPU
		{4FDA6A1B-933F-47A9-889A-5245494EBC5E}.SingleImage|Any CPU.Build.0 = Release|Any CPU
		{F4F4B070-5B3B-4877-B4A8-452AB4EA35E7}.CD_ROM|Any CPU.ActiveCfg = Release|Any CPU
		{F4F4B070-5B3B-4877-B4A8-452AB4EA35E7}.CD_ROM|Any CPU.Build.0 = Release|Any CPU
		{F4F4B070-5B3B-4877-B4A8-452AB4EA35E7}.Debug|Any CPU.ActiveCfg = Debug|Any CPU
		{F4F4B070-5B3B-4877-B4A8-452AB4EA35E7}.Debug|Any CPU.Build.0 = Debug|Any CPU
		{F4F4B070-5B3B-4877-B4A8-452AB4EA35E7}.DVD-5|Any CPU.ActiveCfg = Debug|Any CPU
		{F4F4B070-5B3B-4877-B4A8-452AB4EA35E7}.DVD-5|Any CPU.Build.0 = Debug|Any CPU
		{F4F4B070-5B3B-4877-B4A8-452AB4EA35E7}.Release|Any CPU.ActiveCfg = Release|Any CPU
		{F4F4B070-5B3B-4877-B4A8-452AB4EA35E7}.Release|Any CPU.Build.0 = Release|Any CPU
		{F4F4B070-5B3B-4877-B4A8-452AB4EA35E7}.SingleImage|Any CPU.ActiveCfg = Release|Any CPU
		{F4F4B070-5B3B-4877-B4A8-452AB4EA35E7}.SingleImage|Any CPU.Build.0 = Release|Any CPU
		{63CA0867-9625-4229-9FAD-C376D8C8BB75}.CD_ROM|Any CPU.ActiveCfg = Release|Any CPU
		{63CA0867-9625-4229-9FAD-C376D8C8BB75}.CD_ROM|Any CPU.Build.0 = Release|Any CPU
		{63CA0867-9625-4229-9FAD-C376D8C8BB75}.Debug|Any CPU.ActiveCfg = Debug|Any CPU
		{63CA0867-9625-4229-9FAD-C376D8C8BB75}.Debug|Any CPU.Build.0 = Debug|Any CPU
		{63CA0867-9625-4229-9FAD-C376D8C8BB75}.DVD-5|Any CPU.ActiveCfg = Debug|Any CPU
		{63CA0867-9625-4229-9FAD-C376D8C8BB75}.DVD-5|Any CPU.Build.0 = Debug|Any CPU
		{63CA0867-9625-4229-9FAD-C376D8C8BB75}.Release|Any CPU.ActiveCfg = Release|Any CPU
		{63CA0867-9625-4229-9FAD-C376D8C8BB75}.Release|Any CPU.Build.0 = Release|Any CPU
		{63CA0867-9625-4229-9FAD-C376D8C8BB75}.SingleImage|Any CPU.ActiveCfg = Release|Any CPU
		{63CA0867-9625-4229-9FAD-C376D8C8BB75}.SingleImage|Any CPU.Build.0 = Release|Any CPU
		{FADE8866-811C-4C58-AEA2-0C6B1DBD8A91}.CD_ROM|Any CPU.ActiveCfg = Release|Any CPU
		{FADE8866-811C-4C58-AEA2-0C6B1DBD8A91}.CD_ROM|Any CPU.Build.0 = Release|Any CPU
		{FADE8866-811C-4C58-AEA2-0C6B1DBD8A91}.Debug|Any CPU.ActiveCfg = Debug|Any CPU
		{FADE8866-811C-4C58-AEA2-0C6B1DBD8A91}.Debug|Any CPU.Build.0 = Debug|Any CPU
		{FADE8866-811C-4C58-AEA2-0C6B1DBD8A91}.DVD-5|Any CPU.ActiveCfg = Debug|Any CPU
		{FADE8866-811C-4C58-AEA2-0C6B1DBD8A91}.DVD-5|Any CPU.Build.0 = Debug|Any CPU
		{FADE8866-811C-4C58-AEA2-0C6B1DBD8A91}.Release|Any CPU.ActiveCfg = Release|Any CPU
		{FADE8866-811C-4C58-AEA2-0C6B1DBD8A91}.Release|Any CPU.Build.0 = Release|Any CPU
		{FADE8866-811C-4C58-AEA2-0C6B1DBD8A91}.SingleImage|Any CPU.ActiveCfg = Release|Any CPU
		{FADE8866-811C-4C58-AEA2-0C6B1DBD8A91}.SingleImage|Any CPU.Build.0 = Release|Any CPU
		{9E3C638F-F325-466C-BEFC-9B305BBF6498}.CD_ROM|Any CPU.ActiveCfg = Release|Any CPU
		{9E3C638F-F325-466C-BEFC-9B305BBF6498}.CD_ROM|Any CPU.Build.0 = Release|Any CPU
		{9E3C638F-F325-466C-BEFC-9B305BBF6498}.Debug|Any CPU.ActiveCfg = Debug|Any CPU
		{9E3C638F-F325-466C-BEFC-9B305BBF6498}.Debug|Any CPU.Build.0 = Debug|Any CPU
		{9E3C638F-F325-466C-BEFC-9B305BBF6498}.DVD-5|Any CPU.ActiveCfg = Debug|Any CPU
		{9E3C638F-F325-466C-BEFC-9B305BBF6498}.DVD-5|Any CPU.Build.0 = Debug|Any CPU
		{9E3C638F-F325-466C-BEFC-9B305BBF6498}.Release|Any CPU.ActiveCfg = Release|Any CPU
		{9E3C638F-F325-466C-BEFC-9B305BBF6498}.Release|Any CPU.Build.0 = Release|Any CPU
		{9E3C638F-F325-466C-BEFC-9B305BBF6498}.SingleImage|Any CPU.ActiveCfg = Release|Any CPU
		{9E3C638F-F325-466C-BEFC-9B305BBF6498}.SingleImage|Any CPU.Build.0 = Release|Any CPU
		{3029925A-0DE6-42D8-878B-DE69269B355C}.CD_ROM|Any CPU.ActiveCfg = Release|Any CPU
		{3029925A-0DE6-42D8-878B-DE69269B355C}.CD_ROM|Any CPU.Build.0 = Release|Any CPU
		{3029925A-0DE6-42D8-878B-DE69269B355C}.Debug|Any CPU.ActiveCfg = Debug|Any CPU
		{3029925A-0DE6-42D8-878B-DE69269B355C}.Debug|Any CPU.Build.0 = Debug|Any CPU
		{3029925A-0DE6-42D8-878B-DE69269B355C}.DVD-5|Any CPU.ActiveCfg = Debug|Any CPU
		{3029925A-0DE6-42D8-878B-DE69269B355C}.DVD-5|Any CPU.Build.0 = Debug|Any CPU
		{3029925A-0DE6-42D8-878B-DE69269B355C}.Release|Any CPU.ActiveCfg = Release|Any CPU
		{3029925A-0DE6-42D8-878B-DE69269B355C}.Release|Any CPU.Build.0 = Release|Any CPU
		{3029925A-0DE6-42D8-878B-DE69269B355C}.SingleImage|Any CPU.ActiveCfg = Release|Any CPU
		{3029925A-0DE6-42D8-878B-DE69269B355C}.SingleImage|Any CPU.Build.0 = Release|Any CPU
		{7EFB26D4-2AD0-4086-A6DE-38D31F85FDF0}.CD_ROM|Any CPU.ActiveCfg = Release|Any CPU
		{7EFB26D4-2AD0-4086-A6DE-38D31F85FDF0}.CD_ROM|Any CPU.Build.0 = Release|Any CPU
		{7EFB26D4-2AD0-4086-A6DE-38D31F85FDF0}.Debug|Any CPU.ActiveCfg = Debug|Any CPU
		{7EFB26D4-2AD0-4086-A6DE-38D31F85FDF0}.Debug|Any CPU.Build.0 = Debug|Any CPU
		{7EFB26D4-2AD0-4086-A6DE-38D31F85FDF0}.DVD-5|Any CPU.ActiveCfg = Debug|Any CPU
		{7EFB26D4-2AD0-4086-A6DE-38D31F85FDF0}.DVD-5|Any CPU.Build.0 = Debug|Any CPU
		{7EFB26D4-2AD0-4086-A6DE-38D31F85FDF0}.Release|Any CPU.ActiveCfg = Release|Any CPU
		{7EFB26D4-2AD0-4086-A6DE-38D31F85FDF0}.Release|Any CPU.Build.0 = Release|Any CPU
		{7EFB26D4-2AD0-4086-A6DE-38D31F85FDF0}.SingleImage|Any CPU.ActiveCfg = Release|Any CPU
		{7EFB26D4-2AD0-4086-A6DE-38D31F85FDF0}.SingleImage|Any CPU.Build.0 = Release|Any CPU
	EndGlobalSection
	GlobalSection(SolutionProperties) = preSolution
		HideSolutionNode = FALSE
	EndGlobalSection
	GlobalSection(ExtensibilityGlobals) = postSolution
		SolutionGuid = {DBF44500-9533-46DD-9FAF-12CB6098927C}
	EndGlobalSection
EndGlobal
